Microsoft Visual Studio Solution File, Format Version 12.00
# Visual Studio 15
VisualStudioVersion = 15.0.27130.2026
MinimumVisualStudioVersion = 10.0.40219.1
Project("{FAE04EC0-301F-11D3-BF4B-00C04F79EFBC}") = "gitwheels", "gitwheels\gitwheels.csproj", "{57FEB8E6-1539-4397-8AF0-F6017FB8D8AB}"
EndProject
Project("{FAE04EC0-301F-11D3-BF4B-00C04F79EFBC}") = "gitwheels.Desktop", "gitwheels.Desktop\gitwheels.Desktop.csproj", "{035AD6D8-C738-4D70-9D9B-A6E8950143EC}"
EndProject
Global
	GlobalSection(SolutionConfigurationPlatforms) = preSolution
		Debug|Any CPU = Debug|Any CPU
		Release|Any CPU = Release|Any CPU
	EndGlobalSection
	GlobalSection(ProjectConfigurationPlatforms) = postSolution
		{57FEB8E6-1539-4397-8AF0-F6017FB8D8AB}.Debug|Any CPU.ActiveCfg = Debug|Any CPU
		{57FEB8E6-1539-4397-8AF0-F6017FB8D8AB}.Debug|Any CPU.Build.0 = Debug|Any CPU
		{57FEB8E6-1539-4397-8AF0-F6017FB8D8AB}.Release|Any CPU.ActiveCfg = Release|Any CPU
		{57FEB8E6-1539-4397-8AF0-F6017FB8D8AB}.Release|Any CPU.Build.0 = Release|Any CPU
		{035AD6D8-C738-4D70-9D9B-A6E8950143EC}.Debug|Any CPU.ActiveCfg = Debug|Any CPU
		{035AD6D8-C738-4D70-9D9B-A6E8950143EC}.Debug|Any CPU.Build.0 = Debug|Any CPU
		{035AD6D8-C738-4D70-9D9B-A6E8950143EC}.Release|Any CPU.ActiveCfg = Release|Any CPU
		{035AD6D8-C738-4D70-9D9B-A6E8950143EC}.Release|Any CPU.Build.0 = Release|Any CPU
	EndGlobalSection
	GlobalSection(SolutionProperties) = preSolution
		HideSolutionNode = FALSE
	EndGlobalSection
	GlobalSection(ExtensibilityGlobals) = postSolution
		SolutionGuid = {47857121-F23B-4FD1-B3FD-23A0B03BB92D}
	EndGlobalSection
EndGlobal
